
Microsoft Visual Studio Solution File, Format Version 12.00
# Visual Studio Version 17
VisualStudioVersion = 17.6.33829.357
MinimumVisualStudioVersion = 10.0.40219.1
Project("{9A19103F-16F7-4668-BE54-9A1E7A4F7556}") = "Makara", "StajProje\Makara.csproj", "{E0488D0F-3567-40BB-AE3B-83499411F7BA}"
EndProject
Project("{9A19103F-16F7-4668-BE54-9A1E7A4F7556}") = "BusinessLayer", "BusinessLayer\BusinessLayer.csproj", "{24A227AE-A42A-480B-8E94-95B4A627D939}"
EndProject
Project("{9A19103F-16F7-4668-BE54-9A1E7A4F7556}") = "DataAccessLayer", "DataAccessLayer\DataAccessLayer.csproj", "{1157DD91-32FA-491D-BF2D-AC3CFC10C8A8}"
EndProject
Project("{9A19103F-16F7-4668-BE54-9A1E7A4F7556}") = "CoreLayer", "CoreLayer\CoreLayer.csproj", "{5247B9C6-33FB-4245-BE52-39758A231C81}"
EndProject
Project("{9A19103F-16F7-4668-BE54-9A1E7A4F7556}") = "EntityLayer", "EntityLayer\EntityLayer.csproj", "{D4C3D206-7FB0-423C-89A6-21AF4DEA9B46}"
EndProject
Global
	GlobalSection(SolutionConfigurationPlatforms) = preSolution
		Debug|Any CPU = Debug|Any CPU
		Release|Any CPU = Release|Any CPU
	EndGlobalSection
	GlobalSection(ProjectConfigurationPlatforms) = postSolution
		{E0488D0F-3567-40BB-AE3B-83499411F7BA}.Debug|Any CPU.ActiveCfg = Debug|Any CPU
		{E0488D0F-3567-40BB-AE3B-83499411F7BA}.Debug|Any CPU.Build.0 = Debug|Any CPU
		{E0488D0F-3567-40BB-AE3B-83499411F7BA}.Release|Any CPU.ActiveCfg = Release|Any CPU
		{E0488D0F-3567-40BB-AE3B-83499411F7BA}.Release|Any CPU.Build.0 = Release|Any CPU
		{24A227AE-A42A-480B-8E94-95B4A627D939}.Debug|Any CPU.ActiveCfg = Debug|Any CPU
		{24A227AE-A42A-480B-8E94-95B4A627D939}.Debug|Any CPU.Build.0 = Debug|Any CPU
		{24A227AE-A42A-480B-8E94-95B4A627D939}.Release|Any CPU.ActiveCfg = Release|Any CPU
		{24A227AE-A42A-480B-8E94-95B4A627D939}.Release|Any CPU.Build.0 = Release|Any CPU
		{1157DD91-32FA-491D-BF2D-AC3CFC10C8A8}.Debug|Any CPU.ActiveCfg = Debug|Any CPU
		{1157DD91-32FA-491D-BF2D-AC3CFC10C8A8}.Debug|Any CPU.Build.0 = Debug|Any CPU
		{1157DD91-32FA-491D-BF2D-AC3CFC10C8A8}.Release|Any CPU.ActiveCfg = Release|Any CPU
		{1157DD91-32FA-491D-BF2D-AC3CFC10C8A8}.Release|Any CPU.Build.0 = Release|Any CPU
		{5247B9C6-33FB-4245-BE52-39758A231C81}.Debug|Any CPU.ActiveCfg = Debug|Any CPU
		{5247B9C6-33FB-4245-BE52-39758A231C81}.Debug|Any CPU.Build.0 = Debug|Any CPU
		{5247B9C6-33FB-4245-BE52-39758A231C81}.Release|Any CPU.ActiveCfg = Release|Any CPU
		{5247B9C6-33FB-4245-BE52-39758A231C81}.Release|Any CPU.Build.0 = Release|Any CPU
		{D4C3D206-7FB0-423C-89A6-21AF4DEA9B46}.Debug|Any CPU.ActiveCfg = Debug|Any CPU
		{D4C3D206-7FB0-423C-89A6-21AF4DEA9B46}.Debug|Any CPU.Build.0 = Debug|Any CPU
		{D4C3D206-7FB0-423C-89A6-21AF4DEA9B46}.Release|Any CPU.ActiveCfg = Release|Any CPU
		{D4C3D206-7FB0-423C-89A6-21AF4DEA9B46}.Release|Any CPU.Build.0 = Release|Any CPU
	EndGlobalSection
	GlobalSection(SolutionProperties) = preSolution
		HideSolutionNode = FALSE
	EndGlobalSection
	GlobalSection(ExtensibilityGlobals) = postSolution
		SolutionGuid = {F288BC34-E184-43C2-9575-2A936D33A884}
	EndGlobalSection
EndGlobal
